
Microsoft Visual Studio Solution File, Format Version 12.00
# Visual Studio 14
VisualStudioVersion = 14.0.24720.0
MinimumVisualStudioVersion = 10.0.40219.1
Project("{151D2E53-A2C4-4D7D-83FE-D05416EBD58E}") = "DevTestLabCreateNew", "DevTestLabCreateNew\DevTestLabCreateNew.deployproj", "{D0E952ED-05E5-43F6-8A79-035FAB3E7A16}"
EndProject
Project("{151D2E53-A2C4-4D7D-83FE-D05416EBD58E}") = "DevEnvSp2013Create", "DevEnvSp2013Create\DevEnvSp2013Create.deployproj", "{C8F752F6-BEDD-41F4-B581-44D6DEA02531}"
EndProject
Global
	GlobalSection(SolutionConfigurationPlatforms) = preSolution
		Debug|Any CPU = Debug|Any CPU
		Release|Any CPU = Release|Any CPU
	EndGlobalSection
	GlobalSection(ProjectConfigurationPlatforms) = postSolution
		{D0E952ED-05E5-43F6-8A79-035FAB3E7A16}.Debug|Any CPU.ActiveCfg = Debug|Any CPU
		{D0E952ED-05E5-43F6-8A79-035FAB3E7A16}.Debug|Any CPU.Build.0 = Debug|Any CPU
		{D0E952ED-05E5-43F6-8A79-035FAB3E7A16}.Release|Any CPU.ActiveCfg = Release|Any CPU
		{D0E952ED-05E5-43F6-8A79-035FAB3E7A16}.Release|Any CPU.Build.0 = Release|Any CPU
		{C8F752F6-BEDD-41F4-B581-44D6DEA02531}.Debug|Any CPU.ActiveCfg = Debug|Any CPU
		{C8F752F6-BEDD-41F4-B581-44D6DEA02531}.Debug|Any CPU.Build.0 = Debug|Any CPU
		{C8F752F6-BEDD-41F4-B581-44D6DEA02531}.Release|Any CPU.ActiveCfg = Release|Any CPU
		{C8F752F6-BEDD-41F4-B581-44D6DEA02531}.Release|Any CPU.Build.0 = Release|Any CPU
	EndGlobalSection
	GlobalSection(SolutionProperties) = preSolution
		HideSolutionNode = FALSE
	EndGlobalSection
	GlobalSection(TeamFoundationVersionControl) = preSolution
		SccNumberOfProjects = 3
		SccEnterpriseProvider = {4CA58AB2-18FA-4F8D-95D4-32DDF27D184C}
		SccTeamFoundationServer = https://ictleeds.visualstudio.com/defaultcollection
		SccLocalPath0 = .
		SccProjectUniqueName1 = DevTestLabCreateNew\\DevTestLabCreateNew.deployproj
		SccProjectName1 = DevTestLabCreateNew
		SccLocalPath1 = DevTestLabCreateNew
		SccProjectUniqueName2 = DevEnvSp2013Create\\DevEnvSp2013Create.deployproj
		SccProjectName2 = DevEnvSp2013Create
		SccLocalPath2 = DevEnvSp2013Create
	EndGlobalSection
EndGlobal
